{
  "version": 4,
  "terraform_version": "1.7.4",
  "serial": 34,
  "lineage": "9e2fdcd2-a7aa-d4f2-19fa-5546b41d6820",
  "outputs": {},
  "resources": [
    {
      "mode": "managed",
      "type": "aws_s3_bucket",
      "name": "s3",
      "provider": "provider[\"registry.terraform.io/hashicorp/aws\"]",
      "instances": [
        {
          "schema_version": 0,
          "attributes": {
            "acceleration_status": "",
            "acl": null,
            "arn": "arn:aws:s3:::dev-remote-state-dod24-demo20240312230801118300000001",
            "bucket": "dev-remote-state-dod24-demo20240312230801118300000001",
            "bucket_domain_name": "dev-remote-state-dod24-demo20240312230801118300000001.s3.amazonaws.com",
            "bucket_prefix": "dev-remote-state-dod24-demo",
            "bucket_regional_domain_name": "dev-remote-state-dod24-demo20240312230801118300000001.s3.us-east-1.amazonaws.com",
            "cors_rule": [],
            "force_destroy": false,
            "grant": [
              {
                "id": "ccff55721e674e6905a36b08c112bad3317e3ed2ad1da1fe7c9223bca1b24153",
                "permissions": [
                  "FULL_CONTROL"
                ],
                "type": "CanonicalUser",
                "uri": ""
              }
            ],
            "hosted_zone_id": "Z3AQBSTGFYJSTF",
            "id": "dev-remote-state-dod24-demo20240312230801118300000001",
            "lifecycle_rule": [],
            "logging": [],
            "object_lock_configuration": [],
            "object_lock_enabled": false,
            "policy": "{\"Id\":\"RequireEncryption\",\"Statement\":[{\"Action\":\"s3:*\",\"Condition\":{\"Bool\":{\"aws:SecureTransport\":\"false\"}},\"Effect\":\"Deny\",\"Principal\":\"*\",\"Resource\":[\"arn:aws:s3:::dev-remote-state-dod24-demo20240312230801118300000001\",\"arn:aws:s3:::dev-remote-state-dod24-demo20240312230801118300000001/*\"],\"Sid\":\"EnforcedTLS\"},{\"Action\":\"s3:PutObject\",\"Condition\":{\"ForAnyValue:StringNotEquals\":{\"s3:x-amz-server-side-encryption\":[\"aws:kms\",\"AES256\"]}},\"Effect\":\"Deny\",\"Principal\":\"*\",\"Resource\":[\"arn:aws:s3:::dev-remote-state-dod24-demo20240312230801118300000001\",\"arn:aws:s3:::dev-remote-state-dod24-demo20240312230801118300000001/*\"],\"Sid\":\"RequireEncryptedStorage\"},{\"Action\":\"s3:*\",\"Effect\":\"Allow\",\"Principal\":{\"AWS\":\"arn:aws:iam::590183854060:root\"},\"Resource\":[\"arn:aws:s3:::dev-remote-state-dod24-demo20240312230801118300000001\",\"arn:aws:s3:::dev-remote-state-dod24-demo20240312230801118300000001/*\"],\"Sid\":\"RootAccess\"}],\"Version\":\"2012-10-17\"}",
            "region": "us-east-1",
            "replication_configuration": [],
            "request_payer": "BucketOwner",
            "server_side_encryption_configuration": [
              {
                "rule": [
                  {
                    "apply_server_side_encryption_by_default": [
                      {
                        "kms_master_key_id": "arn:aws:kms:us-east-1:590183854060:key/8cb6940a-3621-4d35-8fae-ba6f57cd39a9",
                        "sse_algorithm": "aws:kms"
                      }
                    ],
                    "bucket_key_enabled": false
                  }
                ]
              }
            ],
            "tags": {
              "Maintainer": "pedro@ejemplo.es",
              "Purpose": "terraform-dry-demo"
            },
            "tags_all": {
              "Env": "dev",
              "Expense_type": "r_and_d",
              "Maintainer": "pedro@ejemplo.es",
              "Managed-by": "terraform",
              "Purpose": "terraform-dry-demo",
              "Terraform-config": "https://github.com/SOMEREPO/terraform-dry-example/tree/main/_init"
            },
            "timeouts": null,
            "versioning": [
              {
                "enabled": true,
                "mfa_delete": false
              }
            ],
            "website": [],
            "website_domain": null,
            "website_endpoint": null
          },
          "sensitive_attributes": [],
          "private": "eyJlMmJmYjczMC1lY2FhLTExZTYtOGY4OC0zNDM2M2JjN2M0YzAiOnsiY3JlYXRlIjoxMjAwMDAwMDAwMDAwLCJkZWxldGUiOjM2MDAwMDAwMDAwMDAsInJlYWQiOjEyMDAwMDAwMDAwMDAsInVwZGF0ZSI6MTIwMDAwMDAwMDAwMH19"
        }
      ]
    }
  ],
  "check_results": null
}
